
Microsoft Visual Studio Solution File, Format Version 12.00
# Visual Studio 14
VisualStudioVersion = 14.0.24720.0
MinimumVisualStudioVersion = 10.0.40219.1
Project("{FAE04EC0-301F-11D3-BF4B-00C04F79EFBC}") = "TalentShow", "TalentShow\TalentShow.csproj", "{93110D1B-B66B-41E7-8D1F-42A9877525FA}"
EndProject
Project("{FAE04EC0-301F-11D3-BF4B-00C04F79EFBC}") = "TalentShow.Tests", "TalentShow.Tests\TalentShow.Tests.csproj", "{6B8AC750-1ACD-40F2-AAA6-E033F00D9E83}"
EndProject
Project("{FAE04EC0-301F-11D3-BF4B-00C04F79EFBC}") = "TalentShowConsoleUI", "TalentShowConsoleUI\TalentShowConsoleUI.csproj", "{55B94BE3-21C8-4F37-A570-844B21E47F04}"
EndProject
Project("{FAE04EC0-301F-11D3-BF4B-00C04F79EFBC}") = "TalentShowDataStorage", "TalentShowDataStorage\TalentShowDataStorage.csproj", "{4293FDBE-9698-4569-B515-9D2E639D9565}"
EndProject
Global
	GlobalSection(SolutionConfigurationPlatforms) = preSolution
		Debug|Any CPU = Debug|Any CPU
		Release|Any CPU = Release|Any CPU
	EndGlobalSection
	GlobalSection(ProjectConfigurationPlatforms) = postSolution
		{93110D1B-B66B-41E7-8D1F-42A9877525FA}.Debug|Any CPU.ActiveCfg = Debug|Any CPU
		{93110D1B-B66B-41E7-8D1F-42A9877525FA}.Debug|Any CPU.Build.0 = Debug|Any CPU
		{93110D1B-B66B-41E7-8D1F-42A9877525FA}.Release|Any CPU.ActiveCfg = Release|Any CPU
		{93110D1B-B66B-41E7-8D1F-42A9877525FA}.Release|Any CPU.Build.0 = Release|Any CPU
		{6B8AC750-1ACD-40F2-AAA6-E033F00D9E83}.Debug|Any CPU.ActiveCfg = Debug|Any CPU
		{6B8AC750-1ACD-40F2-AAA6-E033F00D9E83}.Debug|Any CPU.Build.0 = Debug|Any CPU
		{6B8AC750-1ACD-40F2-AAA6-E033F00D9E83}.Release|Any CPU.ActiveCfg = Release|Any CPU
		{6B8AC750-1ACD-40F2-AAA6-E033F00D9E83}.Release|Any CPU.Build.0 = Release|Any CPU
		{55B94BE3-21C8-4F37-A570-844B21E47F04}.Debug|Any CPU.ActiveCfg = Debug|Any CPU
		{55B94BE3-21C8-4F37-A570-844B21E47F04}.Debug|Any CPU.Build.0 = Debug|Any CPU
		{55B94BE3-21C8-4F37-A570-844B21E47F04}.Release|Any CPU.ActiveCfg = Release|Any CPU
		{55B94BE3-21C8-4F37-A570-844B21E47F04}.Release|Any CPU.Build.0 = Release|Any CPU
		{4293FDBE-9698-4569-B515-9D2E639D9565}.Debug|Any CPU.ActiveCfg = Debug|Any CPU
		{4293FDBE-9698-4569-B515-9D2E639D9565}.Debug|Any CPU.Build.0 = Debug|Any CPU
		{4293FDBE-9698-4569-B515-9D2E639D9565}.Release|Any CPU.ActiveCfg = Release|Any CPU
		{4293FDBE-9698-4569-B515-9D2E639D9565}.Release|Any CPU.Build.0 = Release|Any CPU
	EndGlobalSection
	GlobalSection(SolutionProperties) = preSolution
		HideSolutionNode = FALSE
	EndGlobalSection
EndGlobal
